// !$*UTF8*$!
{
	archiveVersion = 1;
	classes = {
	};
	objectVersion = 46;
	objects = {

		F862B8C7DDD6F00B497C8EA3 = {isa = PBXBuildFile; fileRef = 31669B2A16BB7F0D0010F6CC; };
		037C6009CE68417A6D7A97FA = {isa = PBXBuildFile; fileRef = 4E3152A8022CC129EBF4F82D; };
		690BF393B9642CA06E0ECD1D = {isa = PBXBuildFile; fileRef = 9671B24529411E330F99DEC1; };
		D921C95ABC8A661F55398619 = {isa = PBXBuildFile; fileRef = FF5F829DAF7FC1247D0053E2; };
		938D8A8D95F9C89EB08EE7F5 = {isa = PBXBuildFile; fileRef = 84FF7F5F5A8F2E427BE44D9A; };
		DA47AD97C08DD6182C2ED408 = {isa = PBXBuildFile; fileRef = 31342484EFD971F8860AFCCE; };
		B4ED97ADF2D53F1C213B8FB9 = {isa = PBXBuildFile; fileRef = 5988627A9252B04C8FBC1FFE; };
		B9E1EF0F6DB032CB9C57A8CB = {isa = PBXBuildFile; fileRef = 89E189B6C52E4ED7996ACF99; };
		E90524F1722323BDB7230C60 = {isa = PBXBuildFile; fileRef = 74DF38080DBDD8A4EF5E5B2C; };
		01C04415BD94772DDC323FE5 = {isa = PBXBuildFile; fileRef = D376F15E677AEEF206CA0CA9; };
		9806762B775D965A63E314EE = {isa = PBXBuildFile; fileRef = 3E7796EBAA674F5226E2B1B9; };
		42A8169431FD8AE23BE4DF64 = {isa = PBXBuildFile; fileRef = 7044E127E5841A7AD5A1B132; };
		A6667E7CFAF6C1AF1520E0B9 = {isa = PBXBuildFile; fileRef = FD8DA3D4AC7CF056E52BAF51; };
		8AC8C8A22A01D45788C881BA = {isa = PBXBuildFile; fileRef = 0626D774F6825F4BE1D9CFFE; };
		A57975AD995B782A5B1BE957 = {isa = PBXBuildFile; fileRef = 212D0CCF632CB5DA97ACF4B4; };
		19008F0711152543DF22FB02 = {isa = PBXBuildFile; fileRef = 5231CEDCF924116F8AE85407; };
		1F835ECEDB5CC70482818926 = {isa = PBXBuildFile; fileRef = B543509BB2FDD8CBFC904F1D; };
		793CDB0BDB7227752C73FD85 = {isa = PBXBuildFile; fileRef = 75E9CC494F56B472843ED3CF; };
		0574C5ED55076C6E361BA4C3 = {isa = PBXBuildFile; fileRef = 51F91621130CC6B1B1DD5935; };
		A403FCCD0F840A6FDFE202E6 = {isa = PBXBuildFile; fileRef = 8378A432875C1640879DA18F; };
		6D05020243DD2955E38B3BCD = {isa = PBXBuildFile; fileRef = D1F0B7B056B70749BDB94C6F; };
		5D64F1971D22E0D67CC40E74 = {isa = PBXBuildFile; fileRef = 8D06DEE349DA6A108F9E65FA; };
		4E6EDBF1FB75219704FD6A41 = {isa = PBXBuildFile; fileRef = EF96434E92858D28817C77C0; };
		E17D17A506D8CB52EE78FCC3 = {isa = PBXBuildFile; fileRef = D2FC1C6623288762A31ECF35; };
		BB9113154E82D8D531F39BA7 = {isa = PBXBuildFile; fileRef = ACE4E306E36C04095F2D1EDF; };
		E1183A295F12907DF403FBB6 = {isa = PBXBuildFile; fileRef = E2B10A1E66EA25E8D53ADB9F; };
		52E14338B8205E2483F45061 = {isa = PBXBuildFile; fileRef = 6E40E1849BB743B207C21725; };
		1A5873ECE73E6AC810CA30E2 = {isa = PBXBuildFile; fileRef = A9116F8F7AAE487E69293853; };
		A072795D6BFEED5ACA40D5DB = {isa = PBXBuildFile; fileRef = 0F4B1E4BD2C4C850AF5C7AC6; };
		003E20144A57D1279C0AA1EA = {isa = PBXBuildFile; fileRef = 930EF8B83DFC5C21F340B9F2; };
		0626D774F6825F4BE1D9CFFE = {isa = PBXFileReference; lastKnownFileType = wrapper.framework; name = WebKit.framework; path = System/Library/Frameworks/WebKit.framework; sourceTree = SDKROOT; };
		0F4B1E4BD2C4C850AF5C7AC6 = {isa = PBXFileReference; lastKnownFileType = sourcecode.cpp.objcpp; name = "include_juce_opengl.mm"; path = "../../JuceLibraryCode/include_juce_opengl.mm"; sourceTree = "SOURCE_ROOT"; };
		212D0CCF632CB5DA97ACF4B4 = {isa = PBXFileReference; lastKnownFileType = file.nib; name = RecentFilesMenuTemplate.nib; path = RecentFilesMenuTemplate.nib; sourceTree = "SOURCE_ROOT"; };
		25E38D5089BA61926102C948 = {isa = PBXFileReference; lastKnownFileType = file; name = "juce_video"; path = "../../../../../JUCE/modules/juce_video"; sourceTree = "SOURCE_ROOT"; };
		31342484EFD971F8860AFCCE = {isa = PBXFileReference; lastKnownFileType = wrapper.framework; name = Carbon.framework; path = System/Library/Frameworks/Carbon.framework; sourceTree = SDKROOT; };
		31669B2A16BB7F0D0010F6CC = {isa = PBXFileReference; explicitFileType = wrapper.application; includeInIndex = 0; path = SoftSynth.app; sourceTree = "BUILT_PRODUCTS_DIR"; };
		3E7796EBAA674F5226E2B1B9 = {isa = PBXFileReference; lastKnownFileType = wrapper.framework; name = IOKit.framework; path = System/Library/Frameworks/IOKit.framework; sourceTree = SDKROOT; };
		4D4206621040B44A49611B32 = {isa = PBXFileReference; lastKnownFileType = text.plist.xml; name = "Info-App.plist"; path = "Info-App.plist"; sourceTree = "SOURCE_ROOT"; };
		4E3152A8022CC129EBF4F82D = {isa = PBXFileReference; lastKnownFileType = wrapper.framework; name = Accelerate.framework; path = System/Library/Frameworks/Accelerate.framework; sourceTree = SDKROOT; };
		51F91621130CC6B1B1DD5935 = {isa = PBXFileReference; lastKnownFileType = sourcecode.cpp.objcpp; name = "include_juce_audio_devices.mm"; path = "../../JuceLibraryCode/include_juce_audio_devices.mm"; sourceTree = "SOURCE_ROOT"; };
		5231CEDCF924116F8AE85407 = {isa = PBXFileReference; lastKnownFileType = sourcecode.cpp.cpp; name = MainComponent.cpp; path = ../../Source/MainComponent.cpp; sourceTree = "SOURCE_ROOT"; };
		5988627A9252B04C8FBC1FFE = {isa = PBXFileReference; lastKnownFileType = wrapper.framework; name = Cocoa.framework; path = System/Library/Frameworks/Cocoa.framework; sourceTree = SDKROOT; };
		5E3BC08E52369B0CDD8BAA82 = {isa = PBXFileReference; lastKnownFileType = sourcecode.c.h; name = AppConfig.h; path = ../../JuceLibraryCode/AppConfig.h; sourceTree = "SOURCE_ROOT"; };
		694559AB796969739A580C43 = {isa = PBXFileReference; lastKnownFileType = file; name = "juce_gui_basics"; path = "../../../../../JUCE/modules/juce_gui_basics"; sourceTree = "SOURCE_ROOT"; };
		6E40E1849BB743B207C21725 = {isa = PBXFileReference; lastKnownFileType = sourcecode.cpp.objcpp; name = "include_juce_gui_basics.mm"; path = "../../JuceLibraryCode/include_juce_gui_basics.mm"; sourceTree = "SOURCE_ROOT"; };
		6FA3B278EDED19613E58EFB4 = {isa = PBXFileReference; lastKnownFileType = file; name = "juce_audio_processors"; path = "../../../../../JUCE/modules/juce_audio_processors"; sourceTree = "SOURCE_ROOT"; };
		7044E127E5841A7AD5A1B132 = {isa = PBXFileReference; lastKnownFileType = wrapper.framework; name = OpenGL.framework; path = System/Library/Frameworks/OpenGL.framework; sourceTree = SDKROOT; };
		732C745F4681CACD97255003 = {isa = PBXFileReference; lastKnownFileType = file; name = "juce_data_structures"; path = "../../../../../JUCE/modules/juce_data_structures"; sourceTree = "SOURCE_ROOT"; };
		7487DF672ADCDC89D993A5A6 = {isa = PBXFileReference; lastKnownFileType = file; name = "juce_gui_extra"; path = "../../../../../JUCE/modules/juce_gui_extra"; sourceTree = "SOURCE_ROOT"; };
		74DF38080DBDD8A4EF5E5B2C = {isa = PBXFileReference; lastKnownFileType = wrapper.framework; name = CoreMedia.framework; path = System/Library/Frameworks/CoreMedia.framework; sourceTree = SDKROOT; };
		75E9CC494F56B472843ED3CF = {isa = PBXFileReference; lastKnownFileType = sourcecode.cpp.objcpp; name = "include_juce_audio_basics.mm"; path = "../../JuceLibraryCode/include_juce_audio_basics.mm"; sourceTree = "SOURCE_ROOT"; };
		77BF12D22EED3AB5689A0AC0 = {isa = PBXFileReference; lastKnownFileType = file; name = "juce_core"; path = "../../../../../JUCE/modules/juce_core"; sourceTree = "SOURCE_ROOT"; };
		7BF13B81D981234AEF1444D9 = {isa = PBXFileReference; lastKnownFileType = file; name = "juce_events"; path = "../../../../../JUCE/modules/juce_events"; sourceTree = "SOURCE_ROOT"; };
		7FB1AD2DEBA266026EEAD3E0 = {isa = PBXFileReference; lastKnownFileType = file; name = "juce_graphics"; path = "../../../../../JUCE/modules/juce_graphics"; sourceTree = "SOURCE_ROOT"; };
		7FB9A6E3776626FB2CB15FF9 = {isa = PBXFileReference; lastKnownFileType = file; name = "juce_audio_formats"; path = "../../../../../JUCE/modules/juce_audio_formats"; sourceTree = "SOURCE_ROOT"; };
		8378A432875C1640879DA18F = {isa = PBXFileReference; lastKnownFileType = sourcecode.cpp.objcpp; name = "include_juce_audio_formats.mm"; path = "../../JuceLibraryCode/include_juce_audio_formats.mm"; sourceTree = "SOURCE_ROOT"; };
		842EC92A7D996D30E3415A0D = {isa = PBXFileReference; lastKnownFileType = file; name = "juce_audio_basics"; path = "../../../../../JUCE/modules/juce_audio_basics"; sourceTree = "SOURCE_ROOT"; };
		84FF7F5F5A8F2E427BE44D9A = {isa = PBXFileReference; lastKnownFileType = wrapper.framework; name = AVKit.framework; path = System/Library/Frameworks/AVKit.framework; sourceTree = SDKROOT; };
		89E189B6C52E4ED7996ACF99 = {isa = PBXFileReference; lastKnownFileType = wrapper.framework; name = CoreAudio.framework; path = System/Library/Frameworks/CoreAudio.framework; sourceTree = SDKROOT; };
		8D06DEE349DA6A108F9E65FA = {isa = PBXFileReference; lastKnownFileType = sourcecode.cpp.objcpp; name = "include_juce_core.mm"; path = "../../JuceLibraryCode/include_juce_core.mm"; sourceTree = "SOURCE_ROOT"; };
		930EF8B83DFC5C21F340B9F2 = {isa = PBXFileReference; lastKnownFileType = sourcecode.cpp.objcpp; name = "include_juce_video.mm"; path = "../../JuceLibraryCode/include_juce_video.mm"; sourceTree = "SOURCE_ROOT"; };
		963C854965CE25D63FF83491 = {isa = PBXFileReference; lastKnownFileType = file; name = "juce_audio_devices"; path = "../../../../../JUCE/modules/juce_audio_devices"; sourceTree = "SOURCE_ROOT"; };
		9671B24529411E330F99DEC1 = {isa = PBXFileReference; lastKnownFileType = wrapper.framework; name = AudioToolbox.framework; path = System/Library/Frameworks/AudioToolbox.framework; sourceTree = SDKROOT; };
		A9116F8F7AAE487E69293853 = {isa = PBXFileReference; lastKnownFileType = sourcecode.cpp.objcpp; name = "include_juce_gui_extra.mm"; path = "../../JuceLibraryCode/include_juce_gui_extra.mm"; sourceTree = "SOURCE_ROOT"; };
		ACE4E306E36C04095F2D1EDF = {isa = PBXFileReference; lastKnownFileType = sourcecode.cpp.objcpp; name = "include_juce_events.mm"; path = "../../JuceLibraryCode/include_juce_events.mm"; sourceTree = "SOURCE_ROOT"; };
		ACEC91BB54B2E17ECA04294E = {isa = PBXFileReference; lastKnownFileType = file; name = "juce_cryptography"; path = "../../../../../JUCE/modules/juce_cryptography"; sourceTree = "SOURCE_ROOT"; };
		B2959B05CDDFB883B677DC4F = {isa = PBXFileReference; lastKnownFileType = sourcecode.c.h; name = JuceHeader.h; path = ../../JuceLibraryCode/JuceHeader.h; sourceTree = "SOURCE_ROOT"; };
		B543509BB2FDD8CBFC904F1D = {isa = PBXFileReference; lastKnownFileType = sourcecode.cpp.cpp; name = Main.cpp; path = ../../Source/Main.cpp; sourceTree = "SOURCE_ROOT"; };
		D1F0B7B056B70749BDB94C6F = {isa = PBXFileReference; lastKnownFileType = sourcecode.cpp.objcpp; name = "include_juce_audio_processors.mm"; path = "../../JuceLibraryCode/include_juce_audio_processors.mm"; sourceTree = "SOURCE_ROOT"; };
		D2FC1C6623288762A31ECF35 = {isa = PBXFileReference; lastKnownFileType = sourcecode.cpp.objcpp; name = "include_juce_data_structures.mm"; path = "../../JuceLibraryCode/include_juce_data_structures.mm"; sourceTree = "SOURCE_ROOT"; };
		D376F15E677AEEF206CA0CA9 = {isa = PBXFileReference; lastKnownFileType = wrapper.framework; name = CoreMIDI.framework; path = System/Library/Frameworks/CoreMIDI.framework; sourceTree = SDKROOT; };
		E2B10A1E66EA25E8D53ADB9F = {isa = PBXFileReference; lastKnownFileType = sourcecode.cpp.objcpp; name = "include_juce_graphics.mm"; path = "../../JuceLibraryCode/include_juce_graphics.mm"; sourceTree = "SOURCE_ROOT"; };
		E7FB06F4A57288D54CFA1052 = {isa = PBXFileReference; lastKnownFileType = file; name = "juce_opengl"; path = "../../../../../JUCE/modules/juce_opengl"; sourceTree = "SOURCE_ROOT"; };
		ED777C91DEC645DA1434B872 = {isa = PBXFileReference; lastKnownFileType = sourcecode.c.h; name = MainComponent.h; path = ../../Source/MainComponent.h; sourceTree = "SOURCE_ROOT"; };
		EF96434E92858D28817C77C0 = {isa = PBXFileReference; lastKnownFileType = sourcecode.cpp.objcpp; name = "include_juce_cryptography.mm"; path = "../../JuceLibraryCode/include_juce_cryptography.mm"; sourceTree = "SOURCE_ROOT"; };
		FD8DA3D4AC7CF056E52BAF51 = {isa = PBXFileReference; lastKnownFileType = wrapper.framework; name = QuartzCore.framework; path = System/Library/Frameworks/QuartzCore.framework; sourceTree = SDKROOT; };
		FF5F829DAF7FC1247D0053E2 = {isa = PBXFileReference; lastKnownFileType = wrapper.framework; name = AVFoundation.framework; path = System/Library/Frameworks/AVFoundation.framework; sourceTree = SDKROOT; };
		543A2834747EAE406FDD3634 = {isa = PBXGroup; children = (
					5231CEDCF924116F8AE85407,
					ED777C91DEC645DA1434B872,
					B543509BB2FDD8CBFC904F1D, ); name = Source; sourceTree = "<group>"; };
		4587514734EDB4F9A7F2FABE = {isa = PBXGroup; children = (
					543A2834747EAE406FDD3634, ); name = SoftSynth; sourceTree = "<group>"; };
		F27FD160BD8155B4439DA911 = {isa = PBXGroup; children = (
					842EC92A7D996D30E3415A0D,
					963C854965CE25D63FF83491,
					7FB9A6E3776626FB2CB15FF9,
					6FA3B278EDED19613E58EFB4,
					77BF12D22EED3AB5689A0AC0,
					ACEC91BB54B2E17ECA04294E,
					732C745F4681CACD97255003,
					7BF13B81D981234AEF1444D9,
					7FB1AD2DEBA266026EEAD3E0,
					694559AB796969739A580C43,
					7487DF672ADCDC89D993A5A6,
					E7FB06F4A57288D54CFA1052,
					25E38D5089BA61926102C948, ); name = "Juce Modules"; sourceTree = "<group>"; };
		9153D1C8AFC2CA36D0FD6281 = {isa = PBXGroup; children = (
					5E3BC08E52369B0CDD8BAA82,
					75E9CC494F56B472843ED3CF,
					51F91621130CC6B1B1DD5935,
					8378A432875C1640879DA18F,
					D1F0B7B056B70749BDB94C6F,
					8D06DEE349DA6A108F9E65FA,
					EF96434E92858D28817C77C0,
					D2FC1C6623288762A31ECF35,
					ACE4E306E36C04095F2D1EDF,
					E2B10A1E66EA25E8D53ADB9F,
					6E40E1849BB743B207C21725,
					A9116F8F7AAE487E69293853,
					0F4B1E4BD2C4C850AF5C7AC6,
					930EF8B83DFC5C21F340B9F2,
					B2959B05CDDFB883B677DC4F, ); name = "Juce Library Code"; sourceTree = "<group>"; };
		B2B36ED84AA3723F9F771BBB = {isa = PBXGroup; children = (
					4D4206621040B44A49611B32,
					212D0CCF632CB5DA97ACF4B4, ); name = Resources; sourceTree = "<group>"; };
		D55C8D81F89915B6C1400046 = {isa = PBXGroup; children = (
					4E3152A8022CC129EBF4F82D,
					9671B24529411E330F99DEC1,
					FF5F829DAF7FC1247D0053E2,
					84FF7F5F5A8F2E427BE44D9A,
					31342484EFD971F8860AFCCE,
					5988627A9252B04C8FBC1FFE,
					89E189B6C52E4ED7996ACF99,
					74DF38080DBDD8A4EF5E5B2C,
					D376F15E677AEEF206CA0CA9,
					3E7796EBAA674F5226E2B1B9,
					7044E127E5841A7AD5A1B132,
					FD8DA3D4AC7CF056E52BAF51,
					0626D774F6825F4BE1D9CFFE, ); name = Frameworks; sourceTree = "<group>"; };
		5BF03B2BFF84844FAB2B0A73 = {isa = PBXGroup; children = (
					31669B2A16BB7F0D0010F6CC, ); name = Products; sourceTree = "<group>"; };
		A02CC2155B5D8F7B69F51E32 = {isa = PBXGroup; children = (
					4587514734EDB4F9A7F2FABE,
					F27FD160BD8155B4439DA911,
					9153D1C8AFC2CA36D0FD6281,
					B2B36ED84AA3723F9F771BBB,
					D55C8D81F89915B6C1400046,
					5BF03B2BFF84844FAB2B0A73, ); name = Source; sourceTree = "<group>"; };
		D9BB8F9E13C355C84A1AAD36 = {isa = XCBuildConfiguration; buildSettings = {
				CLANG_CXX_LANGUAGE_STANDARD = "c++11";
				CLANG_LINK_OBJC_RUNTIME = NO;
				COMBINE_HIDPI_IMAGES = YES;
				CONFIGURATION_BUILD_DIR = "$(PROJECT_DIR)/build/$(CONFIGURATION)";
				COPY_PHASE_STRIP = NO;
				GCC_DYNAMIC_NO_PIC = NO;
				GCC_OPTIMIZATION_LEVEL = 0;
				GCC_PREPROCESSOR_DEFINITIONS = (
					"_DEBUG=1",
					"DEBUG=1",
					"JUCER_XCODE_MAC_F6D2F4CF=1",
					"JUCE_APP_VERSION=1.0.0",
					"JUCE_APP_VERSION_HEX=0x10000",
					"JucePlugin_Build_VST=0",
					"JucePlugin_Build_VST3=0",
					"JucePlugin_Build_AU=0",
					"JucePlugin_Build_AUv3=0",
					"JucePlugin_Build_RTAS=0",
					"JucePlugin_Build_AAX=0",
					"JucePlugin_Build_Standalone=0", );
				GCC_VERSION = com.apple.compilers.llvm.clang.1_0;
				HEADER_SEARCH_PATHS = ("../../JuceLibraryCode", "../../../../../JUCE/modules", "$(inherited)");
				INFOPLIST_FILE = Info-App.plist;
				INFOPLIST_PREPROCESS = NO;
				INSTALL_PATH = "$(HOME)/Applications";
				MACOSX_DEPLOYMENT_TARGET = 10.11;
				MACOSX_DEPLOYMENT_TARGET_ppc = 10.4;
				PRODUCT_BUNDLE_IDENTIFIER = com.yourcompany.SoftSynth;
				SDKROOT_ppc = macosx10.5;
				USE_HEADERMAP = NO; }; name = Debug; };
		47E4E5C1834DBA8D414FB831 = {isa = XCBuildConfiguration; buildSettings = {
				CLANG_CXX_LANGUAGE_STANDARD = "c++11";
				CLANG_LINK_OBJC_RUNTIME = NO;
				COMBINE_HIDPI_IMAGES = YES;
				CONFIGURATION_BUILD_DIR = "$(PROJECT_DIR)/build/$(CONFIGURATION)";
				DEAD_CODE_STRIPPING = YES;
				GCC_GENERATE_DEBUGGING_SYMBOLS = NO;
				GCC_OPTIMIZATION_LEVEL = 3;
				GCC_PREPROCESSOR_DEFINITIONS = (
					"_NDEBUG=1",
					"NDEBUG=1",
					"JUCER_XCODE_MAC_F6D2F4CF=1",
					"JUCE_APP_VERSION=1.0.0",
					"JUCE_APP_VERSION_HEX=0x10000",
					"JucePlugin_Build_VST=0",
					"JucePlugin_Build_VST3=0",
					"JucePlugin_Build_AU=0",
					"JucePlugin_Build_AUv3=0",
					"JucePlugin_Build_RTAS=0",
					"JucePlugin_Build_AAX=0",
					"JucePlugin_Build_Standalone=0", );
				GCC_SYMBOLS_PRIVATE_EXTERN = YES;
				GCC_VERSION = com.apple.compilers.llvm.clang.1_0;
				HEADER_SEARCH_PATHS = ("../../JuceLibraryCode", "../../../../../JUCE/modules", "$(inherited)");
				INFOPLIST_FILE = Info-App.plist;
				INFOPLIST_PREPROCESS = NO;
				INSTALL_PATH = "$(HOME)/Applications";
				MACOSX_DEPLOYMENT_TARGET = 10.11;
				MACOSX_DEPLOYMENT_TARGET_ppc = 10.4;
				PRODUCT_BUNDLE_IDENTIFIER = com.yourcompany.SoftSynth;
				SDKROOT_ppc = macosx10.5;
				USE_HEADERMAP = NO; }; name = Release; };
		6185C1ECEE6E2C2DAEC5D9F8 = {isa = XCBuildConfiguration; buildSettings = {
				ALWAYS_SEARCH_USER_PATHS = NO;
				CLANG_WARN_BLOCK_CAPTURE_AUTORELEASING = YES;
				CLANG_WARN_BOOL_CONVERSION = YES;
				CLANG_WARN_COMMA = YES;
				CLANG_WARN_CONSTANT_CONVERSION = YES;
				CLANG_WARN_EMPTY_BODY = YES;
				CLANG_WARN_ENUM_CONVERSION = YES;
				CLANG_WARN_INFINITE_RECURSION = YES;
				CLANG_WARN_INT_CONVERSION = YES;
				CLANG_WARN_NON_LITERAL_NULL_CONVERSION = YES;
				CLANG_WARN_OBJC_LITERAL_CONVERSION = YES;
				CLANG_WARN_RANGE_LOOP_ANALYSIS = YES;
				CLANG_WARN_STRICT_PROTOTYPES = YES;
				CLANG_WARN_SUSPICIOUS_MOVE = YES;
				CLANG_WARN_UNREACHABLE_CODE = YES;
				CLANG_WARN__DUPLICATE_METHOD_MATCH = YES;
				DEBUG_INFORMATION_FORMAT = "dwarf";
				ENABLE_STRICT_OBJC_MSGSEND = YES;
				ENABLE_TESTABILITY = YES;
				GCC_C_LANGUAGE_STANDARD = c11;
				GCC_INLINES_ARE_PRIVATE_EXTERN = YES;
				GCC_MODEL_TUNING = G5;
				GCC_NO_COMMON_BLOCKS = YES;
				GCC_WARN_64_TO_32_BIT_CONVERSION = YES;
				GCC_WARN_ABOUT_RETURN_TYPE = YES;
				GCC_WARN_CHECK_SWITCH_STATEMENTS = YES;
				GCC_WARN_MISSING_PARENTHESES = YES;
				GCC_WARN_NON_VIRTUAL_DESTRUCTOR = YES;
				GCC_WARN_TYPECHECK_CALLS_TO_PRINTF = YES;
				GCC_WARN_UNDECLARED_SELECTOR = YES;
				GCC_WARN_UNINITIALIZED_AUTOS = YES;
				GCC_WARN_UNUSED_FUNCTION = YES;
				GCC_WARN_UNUSED_VARIABLE = YES;
				ONLY_ACTIVE_ARCH = YES;
				PRODUCT_NAME = "SoftSynth";
				WARNING_CFLAGS = -Wreorder;
				ZERO_LINK = NO; }; name = Debug; };
		81B8D2D990463DE8C0875AAD = {isa = XCBuildConfiguration; buildSettings = {
				ALWAYS_SEARCH_USER_PATHS = NO;
				CLANG_WARN_BLOCK_CAPTURE_AUTORELEASING = YES;
				CLANG_WARN_BOOL_CONVERSION = YES;
				CLANG_WARN_COMMA = YES;
				CLANG_WARN_CONSTANT_CONVERSION = YES;
				CLANG_WARN_EMPTY_BODY = YES;
				CLANG_WARN_ENUM_CONVERSION = YES;
				CLANG_WARN_INFINITE_RECURSION = YES;
				CLANG_WARN_INT_CONVERSION = YES;
				CLANG_WARN_NON_LITERAL_NULL_CONVERSION = YES;
				CLANG_WARN_OBJC_LITERAL_CONVERSION = YES;
				CLANG_WARN_RANGE_LOOP_ANALYSIS = YES;
				CLANG_WARN_STRICT_PROTOTYPES = YES;
				CLANG_WARN_SUSPICIOUS_MOVE = YES;
				CLANG_WARN_UNREACHABLE_CODE = YES;
				CLANG_WARN__DUPLICATE_METHOD_MATCH = YES;
				DEBUG_INFORMATION_FORMAT = "dwarf";
				ENABLE_STRICT_OBJC_MSGSEND = YES;
				GCC_C_LANGUAGE_STANDARD = c11;
				GCC_INLINES_ARE_PRIVATE_EXTERN = YES;
				GCC_MODEL_TUNING = G5;
				GCC_NO_COMMON_BLOCKS = YES;
				GCC_WARN_64_TO_32_BIT_CONVERSION = YES;
				GCC_WARN_ABOUT_RETURN_TYPE = YES;
				GCC_WARN_CHECK_SWITCH_STATEMENTS = YES;
				GCC_WARN_MISSING_PARENTHESES = YES;
				GCC_WARN_NON_VIRTUAL_DESTRUCTOR = YES;
				GCC_WARN_TYPECHECK_CALLS_TO_PRINTF = YES;
				GCC_WARN_UNDECLARED_SELECTOR = YES;
				GCC_WARN_UNINITIALIZED_AUTOS = YES;
				GCC_WARN_UNUSED_FUNCTION = YES;
				GCC_WARN_UNUSED_VARIABLE = YES;
				PRODUCT_NAME = "SoftSynth";
				WARNING_CFLAGS = -Wreorder;
				ZERO_LINK = NO; }; name = Release; };
		90A8FDEA139140137BC7A1BA = {isa = PBXTargetDependency; target = 83BA2BC5061A6855C61C395C; };
		664B31DA03DBD1FEEA16ED9A = {isa = XCConfigurationList; buildConfigurations = (
					6185C1ECEE6E2C2DAEC5D9F8,
					81B8D2D990463DE8C0875AAD, ); defaultConfigurationIsVisible = 0; defaultConfigurationName = Debug; };
		09CC0A625416661BA9DD740A = {isa = XCConfigurationList; buildConfigurations = (
					D9BB8F9E13C355C84A1AAD36,
					47E4E5C1834DBA8D414FB831, ); defaultConfigurationIsVisible = 0; defaultConfigurationName = Debug; };
		5F05A3B58D7BF028FD7E85A3 = {isa = PBXResourcesBuildPhase; buildActionMask = 2147483647; files = (
					A57975AD995B782A5B1BE957, ); runOnlyForDeploymentPostprocessing = 0; };
		978B66A694347B116C595768 = {isa = PBXSourcesBuildPhase; buildActionMask = 2147483647; files = (
					19008F0711152543DF22FB02,
					1F835ECEDB5CC70482818926,
					793CDB0BDB7227752C73FD85,
					0574C5ED55076C6E361BA4C3,
					A403FCCD0F840A6FDFE202E6,
					6D05020243DD2955E38B3BCD,
					5D64F1971D22E0D67CC40E74,
					4E6EDBF1FB75219704FD6A41,
					E17D17A506D8CB52EE78FCC3,
					BB9113154E82D8D531F39BA7,
					E1183A295F12907DF403FBB6,
					52E14338B8205E2483F45061,
					1A5873ECE73E6AC810CA30E2,
					A072795D6BFEED5ACA40D5DB,
					003E20144A57D1279C0AA1EA, ); runOnlyForDeploymentPostprocessing = 0; };
		7D58E64184274E066D6AC250 = {isa = PBXFrameworksBuildPhase; buildActionMask = 2147483647; files = (
					037C6009CE68417A6D7A97FA,
					690BF393B9642CA06E0ECD1D,
					D921C95ABC8A661F55398619,
					938D8A8D95F9C89EB08EE7F5,
					DA47AD97C08DD6182C2ED408,
					B4ED97ADF2D53F1C213B8FB9,
					B9E1EF0F6DB032CB9C57A8CB,
					E90524F1722323BDB7230C60,
					01C04415BD94772DDC323FE5,
					9806762B775D965A63E314EE,
					42A8169431FD8AE23BE4DF64,
					A6667E7CFAF6C1AF1520E0B9,
					8AC8C8A22A01D45788C881BA, ); runOnlyForDeploymentPostprocessing = 0; };
		83BA2BC5061A6855C61C395C = {isa = PBXNativeTarget; buildConfigurationList = 09CC0A625416661BA9DD740A; buildPhases = (
					5F05A3B58D7BF028FD7E85A3,
					978B66A694347B116C595768,
					7D58E64184274E066D6AC250, ); buildRules = ( ); dependencies = (  ); name = "SoftSynth - App"; productName = SoftSynth; productReference = 31669B2A16BB7F0D0010F6CC; productType = "com.apple.product-type.application"; };
		B709003C605B72077D0276CF = {isa = PBXProject; buildConfigurationList = 664B31DA03DBD1FEEA16ED9A; attributes = { LastUpgradeCheck = 0830; TargetAttributes = { 83BA2BC5061A6855C61C395C = { SystemCapabilities = {com.apple.ApplicationGroups.iOS = { enabled = 0; }; com.apple.InAppPurchase = { enabled = 0; }; com.apple.InterAppAudio = { enabled = 0; }; com.apple.Push = { enabled = 0; }; com.apple.Sandbox = { enabled = 0; }; }; }; }; }; compatibilityVersion = "Xcode 3.2"; hasScannedForEncodings = 0; mainGroup = A02CC2155B5D8F7B69F51E32; projectDirPath = ""; projectRoot = ""; targets = (83BA2BC5061A6855C61C395C); };
	};
	rootObject = B709003C605B72077D0276CF;
}
